<?xml version="1.0" encoding="utf-8"?>
<Project ToolsVersion="4.0" xmlns="http://schemas.microsoft.com/developer/msbuild/2003">
  <ItemGroup>
    <Filter Include="Source Files">
      <UniqueIdentifier>{4FC737F1-C7A5-4376-A066-2A32D752A2FF}</UniqueIdentifier>
      <Extensions>cpp;c;cc;cxx;def;odl;idl;hpj;bat;asm;asmx</Extensions>
    </Filter>
    <Filter Include="Header Files">
      <UniqueIdentifier>{93995380-89BD-4b04-88EB-625FBE52EBFB}</UniqueIdentifier>
      <Extensions>h;hh;hpp;hxx;hm;inl;inc;xsd</Extensions>
    </Filter>
    <Filter Include="Resource Files">
      <UniqueIdentifier>{67DA6AB6-F800-4c08-8B7A-83BB121AAD01}</UniqueIdentifier>
      <Extensions>rc;ico;cur;bmp;dlg;rc2;rct;bin;rgs;gif;jpg;jpeg;jpe;resx;tiff;tif;png;wav;mfcribbon-ms</Extensions>
    </Filter>
    <Filter Include="Source Files\Driver Classes">
      <UniqueIdentifier>{6c2b9bf6-be40-4f84-9678-32b6f7b3014e}</UniqueIdentifier>
    </Filter>
    <Filter Include="Header Files\Driver Classes">
      <UniqueIdentifier>{7d592d3d-89a3-432c-b777-f89d392b6dea}</UniqueIdentifier>
    </Filter>
  </ItemGroup>
  <ItemGroup>
    <Text Include="ReadMe.txt" />
  </ItemGroup>
  <ItemGroup>
    <ClInclude Include="stdafx.h">
      <Filter>Header Files</Filter>
    </ClInclude>
    <ClInclude Include="targetver.h">
      <Filter>Header Files</Filter>
    </ClInclude>
    <ClInclude Include="Pawn.h">
      <Filter>Header Files</Filter>
    </ClInclude>
    <ClInclude Include="RoleCard.h">
      <Filter>Header Files</Filter>
    </ClInclude>
    <ClInclude Include="PlayerCard.h">
      <Filter>Header Files</Filter>
    </ClInclude>
    <ClInclude Include="ReferenceCard.h">
      <Filter>Header Files</Filter>
    </ClInclude>
    <ClInclude Include="InfectionCard.h">
      <Filter>Header Files</Filter>
    </ClInclude>
    <ClInclude Include="DiseaseCube.h">
      <Filter>Header Files</Filter>
    </ClInclude>
    <ClInclude Include="CureMarker.h">
      <Filter>Header Files</Filter>
    </ClInclude>
    <ClInclude Include="InfectionRateMarker.h">
      <Filter>Header Files</Filter>
    </ClInclude>
    <ClInclude Include="OutbreakMarker.h">
      <Filter>Header Files</Filter>
    </ClInclude>
    <ClInclude Include="ResearchStation.h">
      <Filter>Header Files</Filter>
    </ClInclude>
    <ClInclude Include="Player.h">
      <Filter>Header Files</Filter>
    </ClInclude>
    <ClInclude Include="COMP345A1.h">
      <Filter>Header Files\Driver Classes</Filter>
    </ClInclude>
  </ItemGroup>
  <ItemGroup>
    <ClCompile Include="stdafx.cpp">
      <Filter>Source Files</Filter>
    </ClCompile>
    <ClCompile Include="Pawn.cpp">
      <Filter>Source Files</Filter>
    </ClCompile>
    <ClCompile Include="RoleCard.cpp">
      <Filter>Source Files</Filter>
    </ClCompile>
    <ClCompile Include="PlayerCard.cpp">
      <Filter>Source Files</Filter>
    </ClCompile>
    <ClCompile Include="ReferenceCard.cpp">
      <Filter>Source Files</Filter>
    </ClCompile>
    <ClCompile Include="InfectionCard.cpp">
      <Filter>Source Files</Filter>
    </ClCompile>
    <ClCompile Include="DiseaseCube.cpp">
      <Filter>Source Files</Filter>
    </ClCompile>
    <ClCompile Include="CureMarker.cpp">
      <Filter>Source Files</Filter>
    </ClCompile>
    <ClCompile Include="InfectionRateMarker.cpp">
      <Filter>Source Files</Filter>
    </ClCompile>
    <ClCompile Include="OutbreakMarker.cpp">
      <Filter>Source Files</Filter>
    </ClCompile>
    <ClCompile Include="ResearchStation.cpp">
      <Filter>Source Files</Filter>
    </ClCompile>
    <ClCompile Include="Player.cpp">
      <Filter>Source Files</Filter>
    </ClCompile>
    <ClCompile Include="COMP345A1.cpp">
      <Filter>Source Files\Driver Classes</Filter>
    </ClCompile>
  </ItemGroup>
</Project>